{
  "name": "test",
  "version": "1.0.0",
  "lockfileVersion": 3,
  "requires": true,
  "packages": {
    "": {
      "name": "test",
      "version": "1.0.0",
      "license": "ISC",
      "dependencies": {
        "simplecalci": "^1.0.0"
      }
    },
    "node_modules/simplecalci": {
      "version": "1.0.0",
      "resolved": "https://registry.npmjs.org/simplecalci/-/simplecalci-1.0.0.tgz",
      "integrity": "sha512-iafTFpWM7Xmt2ipzUKivQvD7ytb0lGEeebD+Xo4COL/ROcXgXBxLTWq+RbBwPMamMg9arbE+Ya8F2ZnvFFjcDQ==",
      "license": "ISC"
    }
  }
}
